
Microsoft Visual Studio Solution File, Format Version 12.00
# Visual Studio 2013
VisualStudioVersion = 12.0.31101.0
MinimumVisualStudioVersion = 10.0.40219.1
Project("{FAE04EC0-301F-11D3-BF4B-00C04F79EFBC}") = "Algo", "Algo\Algo.csproj", "{F56F7020-A304-4ADB-A3B0-D5796487DDE3}"
EndProject
Project("{FAE04EC0-301F-11D3-BF4B-00C04F79EFBC}") = "Levenshtein", "Levenshtein\Levenshtein.csproj", "{A4A01E32-6A04-41EC-B688-F64BDC3504FA}"
EndProject
Project("{FAE04EC0-301F-11D3-BF4B-00C04F79EFBC}") = "HavelHakimi", "HavelHakimi\HavelHakimi.csproj", "{8C87B303-2CB6-4DFB-B5F3-F66AA5CBEEB0}"
EndProject
Project("{FAE04EC0-301F-11D3-BF4B-00C04F79EFBC}") = "FisherYates", "FisherYates\FisherYates.csproj", "{640B35C1-8BE8-4C3D-BECC-6A3123D3EE3F}"
EndProject
Project("{FAE04EC0-301F-11D3-BF4B-00C04F79EFBC}") = "CaesarCipher", "CaesarCipher\CaesarCipher.csproj", "{407A4B68-3898-4770-911C-A73738442ED5}"
EndProject
Project("{FAE04EC0-301F-11D3-BF4B-00C04F79EFBC}") = "HappyNumber", "HappyNumber\HappyNumber.csproj", "{E3B4A2A1-03C7-46C4-8955-85B9FE780821}"
EndProject
Global
	GlobalSection(SolutionConfigurationPlatforms) = preSolution
		Debug|Any CPU = Debug|Any CPU
		Release|Any CPU = Release|Any CPU
	EndGlobalSection
	GlobalSection(ProjectConfigurationPlatforms) = postSolution
		{F56F7020-A304-4ADB-A3B0-D5796487DDE3}.Debug|Any CPU.ActiveCfg = Debug|Any CPU
		{F56F7020-A304-4ADB-A3B0-D5796487DDE3}.Debug|Any CPU.Build.0 = Debug|Any CPU
		{F56F7020-A304-4ADB-A3B0-D5796487DDE3}.Release|Any CPU.ActiveCfg = Release|Any CPU
		{F56F7020-A304-4ADB-A3B0-D5796487DDE3}.Release|Any CPU.Build.0 = Release|Any CPU
		{A4A01E32-6A04-41EC-B688-F64BDC3504FA}.Debug|Any CPU.ActiveCfg = Debug|Any CPU
		{A4A01E32-6A04-41EC-B688-F64BDC3504FA}.Debug|Any CPU.Build.0 = Debug|Any CPU
		{A4A01E32-6A04-41EC-B688-F64BDC3504FA}.Release|Any CPU.ActiveCfg = Release|Any CPU
		{A4A01E32-6A04-41EC-B688-F64BDC3504FA}.Release|Any CPU.Build.0 = Release|Any CPU
		{8C87B303-2CB6-4DFB-B5F3-F66AA5CBEEB0}.Debug|Any CPU.ActiveCfg = Debug|Any CPU
		{8C87B303-2CB6-4DFB-B5F3-F66AA5CBEEB0}.Debug|Any CPU.Build.0 = Debug|Any CPU
		{8C87B303-2CB6-4DFB-B5F3-F66AA5CBEEB0}.Release|Any CPU.ActiveCfg = Release|Any CPU
		{8C87B303-2CB6-4DFB-B5F3-F66AA5CBEEB0}.Release|Any CPU.Build.0 = Release|Any CPU
		{640B35C1-8BE8-4C3D-BECC-6A3123D3EE3F}.Debug|Any CPU.ActiveCfg = Debug|Any CPU
		{640B35C1-8BE8-4C3D-BECC-6A3123D3EE3F}.Debug|Any CPU.Build.0 = Debug|Any CPU
		{640B35C1-8BE8-4C3D-BECC-6A3123D3EE3F}.Release|Any CPU.ActiveCfg = Release|Any CPU
		{640B35C1-8BE8-4C3D-BECC-6A3123D3EE3F}.Release|Any CPU.Build.0 = Release|Any CPU
		{407A4B68-3898-4770-911C-A73738442ED5}.Debug|Any CPU.ActiveCfg = Debug|Any CPU
		{407A4B68-3898-4770-911C-A73738442ED5}.Debug|Any CPU.Build.0 = Debug|Any CPU
		{407A4B68-3898-4770-911C-A73738442ED5}.Release|Any CPU.ActiveCfg = Release|Any CPU
		{407A4B68-3898-4770-911C-A73738442ED5}.Release|Any CPU.Build.0 = Release|Any CPU
		{E3B4A2A1-03C7-46C4-8955-85B9FE780821}.Debug|Any CPU.ActiveCfg = Debug|Any CPU
		{E3B4A2A1-03C7-46C4-8955-85B9FE780821}.Debug|Any CPU.Build.0 = Debug|Any CPU
		{E3B4A2A1-03C7-46C4-8955-85B9FE780821}.Release|Any CPU.ActiveCfg = Release|Any CPU
		{E3B4A2A1-03C7-46C4-8955-85B9FE780821}.Release|Any CPU.Build.0 = Release|Any CPU
	EndGlobalSection
	GlobalSection(SolutionProperties) = preSolution
		HideSolutionNode = FALSE
	EndGlobalSection
EndGlobal
